PODS:
  - Flutter (1.0.0)
  - flutter_plugin_head_set_plugin (0.0.1):
    - Flutter

DEPENDENCIES:
  - Flutter (from `Flutter`)
  - flutter_plugin_head_set_plugin (from `.symlinks/plugins/flutter_plugin_head_set_plugin/ios`)

EXTERNAL SOURCES:
  Flutter:
    :path: Flutter
  flutter_plugin_head_set_plugin:
    :path: ".symlinks/plugins/flutter_plugin_head_set_plugin/ios"

SPEC CHECKSUMS:
  Flutter: 0e3d915762c693b495b44d77113d4970485de6ec
  flutter_plugin_head_set_plugin: 8da16dee7974b44ed2317e11b77eae148f01a2af

PODFILE CHECKSUM: c34e2287a9ccaa606aeceab922830efb9a6ff69a

COCOAPODS: 1.9.3
